
Microsoft Visual Studio Solution File, Format Version 12.00
# Visual Studio Version 17
VisualStudioVersion = 17.8.34511.84
MinimumVisualStudioVersion = 10.0.40219.1
Project("{FAE04EC0-301F-11D3-BF4B-00C04F79EFBC}") = "dz2", "dz2\dz2.csproj", "{F2D28E06-6BF6-4069-9795-7965F8895004}"
EndProject
Global
	GlobalSection(SolutionConfigurationPlatforms) = preSolution
		Debug|Any CPU = Debug|Any CPU
		Release|Any CPU = Release|Any CPU
	EndGlobalSection
	GlobalSection(ProjectConfigurationPlatforms) = postSolution
		{F2D28E06-6BF6-4069-9795-7965F8895004}.Debug|Any CPU.ActiveCfg = Debug|Any CPU
		{F2D28E06-6BF6-4069-9795-7965F8895004}.Debug|Any CPU.Build.0 = Debug|Any CPU
		{F2D28E06-6BF6-4069-9795-7965F8895004}.Release|Any CPU.ActiveCfg = Release|Any CPU
		{F2D28E06-6BF6-4069-9795-7965F8895004}.Release|Any CPU.Build.0 = Release|Any CPU
	EndGlobalSection
	GlobalSection(SolutionProperties) = preSolution
		HideSolutionNode = FALSE
	EndGlobalSection
	GlobalSection(ExtensibilityGlobals) = postSolution
		SolutionGuid = {96796B5D-8F91-474A-B109-C9729D78CD63}
	EndGlobalSection
EndGlobal
